
Microsoft Visual Studio Solution File, Format Version 12.00
# Visual Studio Version 17
VisualStudioVersion = 17.13.35818.85 d17.13
MinimumVisualStudioVersion = 10.0.40219.1
Project("{FAE04EC0-301F-11D3-BF4B-00C04F79EFBC}") = "Day1Project5", "Day1Project5\Day1Project5.csproj", "{FD7CAABD-FB41-418C-9A91-222E96D0247F}"
EndProject
Global
	GlobalSection(SolutionConfigurationPlatforms) = preSolution
		Debug|Any CPU = Debug|Any CPU
		Release|Any CPU = Release|Any CPU
	EndGlobalSection
	GlobalSection(ProjectConfigurationPlatforms) = postSolution
		{FD7CAABD-FB41-418C-9A91-222E96D0247F}.Debug|Any CPU.ActiveCfg = Debug|Any CPU
		{FD7CAABD-FB41-418C-9A91-222E96D0247F}.Debug|Any CPU.Build.0 = Debug|Any CPU
		{FD7CAABD-FB41-418C-9A91-222E96D0247F}.Release|Any CPU.ActiveCfg = Release|Any CPU
		{FD7CAABD-FB41-418C-9A91-222E96D0247F}.Release|Any CPU.Build.0 = Release|Any CPU
	EndGlobalSection
	GlobalSection(SolutionProperties) = preSolution
		HideSolutionNode = FALSE
	EndGlobalSection
	GlobalSection(ExtensibilityGlobals) = postSolution
		SolutionGuid = {221B143C-E5B9-4257-9FF2-0FA6EE8C62BC}
	EndGlobalSection
EndGlobal
