
Microsoft Visual Studio Solution File, Format Version 12.00
# Visual Studio Version 17
VisualStudioVersion = 17.13.35818.85 d17.13
MinimumVisualStudioVersion = 10.0.40219.1
Project("{FAE04EC0-301F-11D3-BF4B-00C04F79EFBC}") = "Day1Project7", "Day1Project7\Day1Project7.csproj", "{61A7CED0-6108-44B6-9A86-61ACE28977B1}"
EndProject
Global
	GlobalSection(SolutionConfigurationPlatforms) = preSolution
		Debug|Any CPU = Debug|Any CPU
		Release|Any CPU = Release|Any CPU
	EndGlobalSection
	GlobalSection(ProjectConfigurationPlatforms) = postSolution
		{61A7CED0-6108-44B6-9A86-61ACE28977B1}.Debug|Any CPU.ActiveCfg = Debug|Any CPU
		{61A7CED0-6108-44B6-9A86-61ACE28977B1}.Debug|Any CPU.Build.0 = Debug|Any CPU
		{61A7CED0-6108-44B6-9A86-61ACE28977B1}.Release|Any CPU.ActiveCfg = Release|Any CPU
		{61A7CED0-6108-44B6-9A86-61ACE28977B1}.Release|Any CPU.Build.0 = Release|Any CPU
	EndGlobalSection
	GlobalSection(SolutionProperties) = preSolution
		HideSolutionNode = FALSE
	EndGlobalSection
	GlobalSection(ExtensibilityGlobals) = postSolution
		SolutionGuid = {B9E2C3DB-F8AE-47E3-933D-BAF5933ACD59}
	EndGlobalSection
EndGlobal
