
Microsoft Visual Studio Solution File, Format Version 12.00
# Visual Studio Version 17
VisualStudioVersion = 17.13.35818.85 d17.13
MinimumVisualStudioVersion = 10.0.40219.1
Project("{FAE04EC0-301F-11D3-BF4B-00C04F79EFBC}") = "Day1Project10", "Day1Project10\Day1Project10.csproj", "{C08BCB73-5E11-49CF-9956-471AAFD10E09}"
EndProject
Global
	GlobalSection(SolutionConfigurationPlatforms) = preSolution
		Debug|Any CPU = Debug|Any CPU
		Release|Any CPU = Release|Any CPU
	EndGlobalSection
	GlobalSection(ProjectConfigurationPlatforms) = postSolution
		{C08BCB73-5E11-49CF-9956-471AAFD10E09}.Debug|Any CPU.ActiveCfg = Debug|Any CPU
		{C08BCB73-5E11-49CF-9956-471AAFD10E09}.Debug|Any CPU.Build.0 = Debug|Any CPU
		{C08BCB73-5E11-49CF-9956-471AAFD10E09}.Release|Any CPU.ActiveCfg = Release|Any CPU
		{C08BCB73-5E11-49CF-9956-471AAFD10E09}.Release|Any CPU.Build.0 = Release|Any CPU
	EndGlobalSection
	GlobalSection(SolutionProperties) = preSolution
		HideSolutionNode = FALSE
	EndGlobalSection
	GlobalSection(ExtensibilityGlobals) = postSolution
		SolutionGuid = {FE4E08CD-F724-44BF-B189-2DA65CFDC663}
	EndGlobalSection
EndGlobal
