
Microsoft Visual Studio Solution File, Format Version 12.00
# Visual Studio Version 17
VisualStudioVersion = 17.13.35818.85 d17.13
MinimumVisualStudioVersion = 10.0.40219.1
Project("{FAE04EC0-301F-11D3-BF4B-00C04F79EFBC}") = "Day1Project", "Day1Project\Day1Project.csproj", "{B1B8F953-44D2-4C45-B81E-0DF36AB80425}"
EndProject
Global
	GlobalSection(SolutionConfigurationPlatforms) = preSolution
		Debug|Any CPU = Debug|Any CPU
		Release|Any CPU = Release|Any CPU
	EndGlobalSection
	GlobalSection(ProjectConfigurationPlatforms) = postSolution
		{B1B8F953-44D2-4C45-B81E-0DF36AB80425}.Debug|Any CPU.ActiveCfg = Debug|Any CPU
		{B1B8F953-44D2-4C45-B81E-0DF36AB80425}.Debug|Any CPU.Build.0 = Debug|Any CPU
		{B1B8F953-44D2-4C45-B81E-0DF36AB80425}.Release|Any CPU.ActiveCfg = Release|Any CPU
		{B1B8F953-44D2-4C45-B81E-0DF36AB80425}.Release|Any CPU.Build.0 = Release|Any CPU
	EndGlobalSection
	GlobalSection(SolutionProperties) = preSolution
		HideSolutionNode = FALSE
	EndGlobalSection
	GlobalSection(ExtensibilityGlobals) = postSolution
		SolutionGuid = {E771AD25-F402-444C-BE6C-82E73FFC7DEC}
	EndGlobalSection
EndGlobal
